
Microsoft Visual Studio Solution File, Format Version 12.00
# Visual Studio 15
VisualStudioVersion = 15.0.28010.2048
MinimumVisualStudioVersion = 10.0.40219.1
Project("{FAE04EC0-301F-11D3-BF4B-00C04F79EFBC}") = "Esim7", "Esim7\Esim7.csproj", "{6131416A-455F-4B5A-8607-DF4C2DD5D147}"
EndProject
Global
	GlobalSection(SolutionConfigurationPlatforms) = preSolution
		Debug|Any CPU = Debug|Any CPU
		Release|Any CPU = Release|Any CPU
	EndGlobalSection
	GlobalSection(ProjectConfigurationPlatforms) = postSolution
		{6131416A-455F-4B5A-8607-DF4C2DD5D147}.Debug|Any CPU.ActiveCfg = Debug|Any CPU
		{6131416A-455F-4B5A-8607-DF4C2DD5D147}.Debug|Any CPU.Build.0 = Debug|Any CPU
		{6131416A-455F-4B5A-8607-DF4C2DD5D147}.Release|Any CPU.ActiveCfg = Release|Any CPU
		{6131416A-455F-4B5A-8607-DF4C2DD5D147}.Release|Any CPU.Build.0 = Release|Any CPU
	EndGlobalSection
	GlobalSection(SolutionProperties) = preSolution
		HideSolutionNode = FALSE
	EndGlobalSection
	GlobalSection(ExtensibilityGlobals) = postSolution
		SolutionGuid = {B83B0836-A469-473E-8D6A-E2894A57FB64}
	EndGlobalSection
EndGlobal
